// !$*UTF8*$!
{
	archiveVersion = 1;
	classes = {
	};
	objectVersion = 46;
	objects = {

/* Begin PBXBuildFile section */
		413F1D53135DC736000CDB11 /* CategoryTableViewController.m in Sources */ = {isa = PBXBuildFile; fileRef = 413F1D51135DC736000CDB11 /* CategoryTableViewController.m */; };
		413F1D54135DC736000CDB11 /* CategoryTableViewController.xib in Resources */ = {isa = PBXBuildFile; fileRef = 413F1D52135DC736000CDB11 /* CategoryTableViewController.xib */; };
		4155F0E31355F61B00EE4A1C /* credit_information.xml in Resources */ = {isa = PBXBuildFile; fileRef = 4155F0E21355F61B00EE4A1C /* credit_information.xml */; };
		4155F0E61355F8A800EE4A1C /* Cards.m in Sources */ = {isa = PBXBuildFile; fileRef = 4155F0E51355F8A800EE4A1C /* Cards.m */; };
		41750DCF134AF09300CFF97E /* NSDataAdditions.m in Sources */ = {isa = PBXBuildFile; fileRef = 41750DCC134AF09300CFF97E /* NSDataAdditions.m */; };
		41750DD0134AF09300CFF97E /* TBXML.m in Sources */ = {isa = PBXBuildFile; fileRef = 41750DCE134AF09300CFF97E /* TBXML.m */; };
		41750DD3134AF0B900CFF97E /* CoreData.framework in Frameworks */ = {isa = PBXBuildFile; fileRef = 41750DD2134AF0B900CFF97E /* CoreData.framework */; };
		41750DD5134AF0C500CFF97E /* CoreLocation.framework in Frameworks */ = {isa = PBXBuildFile; fileRef = 41750DD4134AF0C500CFF97E /* CoreLocation.framework */; };
		41750DD7134AF0F300CFF97E /* libz.dylib in Frameworks */ = {isa = PBXBuildFile; fileRef = 41750DD6134AF0F300CFF97E /* libz.dylib */; };
		41750DDA134AF17300CFF97E /* ParseOperation.m in Sources */ = {isa = PBXBuildFile; fileRef = 41750DD9134AF17300CFF97E /* ParseOperation.m */; };
		41750DDE134AF1D000CFF97E /* DetailViewController.m in Sources */ = {isa = PBXBuildFile; fileRef = 41750DDC134AF1D000CFF97E /* DetailViewController.m */; };
		41750DE4134AF23000CFF97E /* ImageDownloader.m in Sources */ = {isa = PBXBuildFile; fileRef = 41750DE3134AF23000CFF97E /* ImageDownloader.m */; };
		41750DE8134AF27B00CFF97E /* CardsSelectorViewController.m in Sources */ = {isa = PBXBuildFile; fileRef = 41750DE6134AF27B00CFF97E /* CardsSelectorViewController.m */; };
		41750DE9134AF27B00CFF97E /* CardsSelectorViewController.xib in Resources */ = {isa = PBXBuildFile; fileRef = 41750DE7134AF27B00CFF97E /* CardsSelectorViewController.xib */; };
		41750DF2134AFA8300CFF97E /* ItemModel.xcdatamodeld in Sources */ = {isa = PBXBuildFile; fileRef = 41750DF0134AFA8300CFF97E /* ItemModel.xcdatamodeld */; };
		41750DFD134AFAB600CFF97E /* restaurants.png in Resources */ = {isa = PBXBuildFile; fileRef = 41750DF3134AFAB600CFF97E /* restaurants.png */; };
		41750DFE134AFAB600CFF97E /* bar&coffee.png in Resources */ = {isa = PBXBuildFile; fileRef = 41750DF4134AFAB600CFF97E /* bar&coffee.png */; };
		41750DFF134AFAB600CFF97E /* massages.png in Resources */ = {isa = PBXBuildFile; fileRef = 41750DF5134AFAB600CFF97E /* massages.png */; };
		41750E00134AFAB600CFF97E /* gasstations.png in Resources */ = {isa = PBXBuildFile; fileRef = 41750DF6134AFAB600CFF97E /* gasstations.png */; };
		41750E01134AFAB600CFF97E /* shoppingmalls.png in Resources */ = {isa = PBXBuildFile; fileRef = 41750DF7134AFAB600CFF97E /* shoppingmalls.png */; };
		41750E02134AFAB600CFF97E /* supermarkets.png in Resources */ = {isa = PBXBuildFile; fileRef = 41750DF8134AFAB600CFF97E /* supermarkets.png */; };
		41750E03134AFAB600CFF97E /* theaters.png in Resources */ = {isa = PBXBuildFile; fileRef = 41750DF9134AFAB600CFF97E /* theaters.png */; };
		41750E04134AFAB600CFF97E /* png-0011.png in Resources */ = {isa = PBXBuildFile; fileRef = 41750DFA134AFAB600CFF97E /* png-0011.png */; };
		41750E05134AFAB600CFF97E /* png-0030.png in Resources */ = {isa = PBXBuildFile; fileRef = 41750DFB134AFAB600CFF97E /* png-0030.png */; };
		41750E06134AFAB600CFF97E /* png-0002.png in Resources */ = {isa = PBXBuildFile; fileRef = 41750DFC134AFAB600CFF97E /* png-0002.png */; };
		41750E08134AFB2700CFF97E /* MapKit.framework in Frameworks */ = {isa = PBXBuildFile; fileRef = 41750E07134AFB2600CFF97E /* MapKit.framework */; };
		41750E0C134AFB5900CFF97E /* MapViewController.m in Sources */ = {isa = PBXBuildFile; fileRef = 41750E0A134AFB4C00CFF97E /* MapViewController.m */; };
		41750E0D134AFB5900CFF97E /* MapViewController.xib in Resources */ = {isa = PBXBuildFile; fileRef = 41750E0B134AFB5100CFF97E /* MapViewController.xib */; };
		41750E11134AFC2900CFF97E /* OneItem.m in Sources */ = {isa = PBXBuildFile; fileRef = 41750E10134AFC2800CFF97E /* OneItem.m */; };
		41750E13134AFCAC00CFF97E /* Place_holder.png in Resources */ = {isa = PBXBuildFile; fileRef = 41750E12134AFCAB00CFF97E /* Place_holder.png */; };
		41A0376F1358730C001D52A8 /* IndividualTableCell.m in Sources */ = {isa = PBXBuildFile; fileRef = 41A0376E1358730C001D52A8 /* IndividualTableCell.m */; };
		41A0377413587383001D52A8 /* RatingView.m in Sources */ = {isa = PBXBuildFile; fileRef = 41A0377313587383001D52A8 /* RatingView.m */; };
		41A03776135874DF001D52A8 /* IndividualTableCell.xib in Resources */ = {isa = PBXBuildFile; fileRef = 41A03775135874DF001D52A8 /* IndividualTableCell.xib */; };
		41A0377813588555001D52A8 /* DetailViewController.xib in Resources */ = {isa = PBXBuildFile; fileRef = 41A0377713588555001D52A8 /* DetailViewController.xib */; };
		41A4D0591348CB9A00D070BB /* UIKit.framework in Frameworks */ = {isa = PBXBuildFile; fileRef = 41A4D0581348CB9A00D070BB /* UIKit.framework */; };
		41A4D05B1348CB9A00D070BB /* Foundation.framework in Frameworks */ = {isa = PBXBuildFile; fileRef = 41A4D05A1348CB9A00D070BB /* Foundation.framework */; };
		41A4D05D1348CB9A00D070BB /* CoreGraphics.framework in Frameworks */ = {isa = PBXBuildFile; fileRef = 41A4D05C1348CB9A00D070BB /* CoreGraphics.framework */; };
		41A4D0631348CB9A00D070BB /* InfoPlist.strings in Resources */ = {isa = PBXBuildFile; fileRef = 41A4D0611348CB9A00D070BB /* InfoPlist.strings */; };
		41A4D0661348CB9A00D070BB /* main.m in Sources */ = {isa = PBXBuildFile; fileRef = 41A4D0651348CB9A00D070BB /* main.m */; };
		41A4D0691348CB9A00D070BB /* ekkkAppDelegate.m in Sources */ = {isa = PBXBuildFile; fileRef = 41A4D0681348CB9A00D070BB /* ekkkAppDelegate.m */; };
		41A4D06C1348CB9A00D070BB /* MainWindow.xib in Resources */ = {isa = PBXBuildFile; fileRef = 41A4D06A1348CB9A00D070BB /* MainWindow.xib */; };
		41A4D0861348CC9D00D070BB /* OffersRootViewController.m in Sources */ = {isa = PBXBuildFile; fileRef = 41A4D0841348CC9D00D070BB /* OffersRootViewController.m */; };
		41A4D0871348CC9D00D070BB /* OffersRootViewController.xib in Resources */ = {isa = PBXBuildFile; fileRef = 41A4D0851348CC9D00D070BB /* OffersRootViewController.xib */; };
		41A4D08B1348CCB300D070BB /* NearbyRootViewController.m in Sources */ = {isa = PBXBuildFile; fileRef = 41A4D0891348CCB300D070BB /* NearbyRootViewController.m */; };
		41A4D08C1348CCB300D070BB /* NearbyRootViewController.xib in Resources */ = {isa = PBXBuildFile; fileRef = 41A4D08A1348CCB300D070BB /* NearbyRootViewController.xib */; };
		41A4D0901348CCC600D070BB /* CategoriesRootViewController.m in Sources */ = {isa = PBXBuildFile; fileRef = 41A4D08E1348CCC600D070BB /* CategoriesRootViewController.m */; };
		41A4D0911348CCC600D070BB /* CategoriesRootViewController.xib in Resources */ = {isa = PBXBuildFile; fileRef = 41A4D08F1348CCC600D070BB /* CategoriesRootViewController.xib */; };
		41A4D0951348CCE000D070BB /* CardsRootViewController.m in Sources */ = {isa = PBXBuildFile; fileRef = 41A4D0931348CCE000D070BB /* CardsRootViewController.m */; };
		41A4D0961348CCE000D070BB /* CardsRootViewController.xib in Resources */ = {isa = PBXBuildFile; fileRef = 41A4D0941348CCE000D070BB /* CardsRootViewController.xib */; };
		41AB4F59135096850031E4D0 /* test.xml in Resources */ = {isa = PBXBuildFile; fileRef = 41AB4F58135096850031E4D0 /* test.xml */; };
		41E36478136439C2001EFDC4 /* 图标.png in Resources */ = {isa = PBXBuildFile; fileRef = 41E36473136439C2001EFDC4 /* 图标.png */; };
		41E36479136439C2001EFDC4 /* 汇丰银行.png in Resources */ = {isa = PBXBuildFile; fileRef = 41E36474136439C2001EFDC4 /* 汇丰银行.png */; };
		41E3647B136439C2001EFDC4 /* 花旗银行.png in Resources */ = {isa = PBXBuildFile; fileRef = 41E36476136439C2001EFDC4 /* 花旗银行.png */; };
		41E3647C136439C2001EFDC4 /* 俏江南.png in Resources */ = {isa = PBXBuildFile; fileRef = 41E36477136439C2001EFDC4 /* 俏江南.png */; };
		41E364AF13646AC8001EFDC4 /* 中国光大银行.png in Resources */ = {isa = PBXBuildFile; fileRef = 41E364A013646AC7001EFDC4 /* 中国光大银行.png */; };
		41E364B013646AC8001EFDC4 /* 中国平安银行.png in Resources */ = {isa = PBXBuildFile; fileRef = 41E364A113646AC7001EFDC4 /* 中国平安银行.png */; };
		41E364B113646AC8001EFDC4 /* 中信银行.png in Resources */ = {isa = PBXBuildFile; fileRef = 41E364A213646AC7001EFDC4 /* 中信银行.png */; };
		41E364B213646AC8001EFDC4 /* 广东发展银行.png in Resources */ = {isa = PBXBuildFile; fileRef = 41E364A313646AC7001EFDC4 /* 广东发展银行.png */; };
		41E364B313646AC8001EFDC4 /* 福建兴业银行.png in Resources */ = {isa = PBXBuildFile; fileRef = 41E364A413646AC7001EFDC4 /* 福建兴业银行.png */; };
		41E364B413646AC8001EFDC4 /* 上海浦东发展银行.png in Resources */ = {isa = PBXBuildFile; fileRef = 41E364A513646AC7001EFDC4 /* 上海浦东发展银行.png */; };
		41E364B513646AC8001EFDC4 /* 中国民生银行.png in Resources */ = {isa = PBXBuildFile; fileRef = 41E364A613646AC7001EFDC4 /* 中国民生银行.png */; };
		41E364B613646AC8001EFDC4 /* 交通银行.png in Resources */ = {isa = PBXBuildFile; fileRef = 41E364A713646AC7001EFDC4 /* 交通银行.png */; };
		41E364B713646AC8001EFDC4 /* 中国工商银行.png in Resources */ = {isa = PBXBuildFile; fileRef = 41E364A813646AC7001EFDC4 /* 中国工商银行.png */; };
		41E364B813646AC8001EFDC4 /* 中国银行.png in Resources */ = {isa = PBXBuildFile; fileRef = 41E364A913646AC7001EFDC4 /* 中国银行.png */; };
		41E364B913646AC8001EFDC4 /* 华夏银行.png in Resources */ = {isa = PBXBuildFile; fileRef = 41E364AA13646AC7001EFDC4 /* 华夏银行.png */; };
		41E364BA13646AC8001EFDC4 /* 深圳发展银行.png in Resources */ = {isa = PBXBuildFile; fileRef = 41E364AB13646AC7001EFDC4 /* 深圳发展银行.png */; };
		41E364BB13646AC8001EFDC4 /* 中国建设银行.png in Resources */ = {isa = PBXBuildFile; fileRef = 41E364AC13646AC7001EFDC4 /* 中国建设银行.png */; };
		41E364BC13646AC8001EFDC4 /* 招商银行.png in Resources */ = {isa = PBXBuildFile; fileRef = 41E364AD13646AC8001EFDC4 /* 招商银行.png */; };
		41E364BD13646AC8001EFDC4 /* 中国农业银行.png in Resources */ = {isa = PBXBuildFile; fileRef = 41E364AE13646AC8001EFDC4 /* 中国农业银行.png */; };
		A90AED1D135EB1BE002DEFD3 /* BanksAndCards.plist in Resources */ = {isa = PBXBuildFile; fileRef = A90AED1C135EB1BE002DEFD3 /* BanksAndCards.plist */; };
		A9724E2F135C835E000982A3 /* NearbyCategory.plist in Resources */ = {isa = PBXBuildFile; fileRef = A9724E2E135C835E000982A3 /* NearbyCategory.plist */; };
		A97DA87E1361BBC100994946 /* CategoryTableCell.m in Sources */ = {isa = PBXBuildFile; fileRef = A97DA87D1361BBC100994946 /* CategoryTableCell.m */; };
		A97DA8801361BBD000994946 /* CategoryTableCell.xib in Resources */ = {isa = PBXBuildFile; fileRef = A97DA87F1361BBD000994946 /* CategoryTableCell.xib */; };
		A981566A13598B300056396A /* ItemAnnotation.m in Sources */ = {isa = PBXBuildFile; fileRef = A981566913598B300056396A /* ItemAnnotation.m */; };
		A99BD8F8135DA84A0008588C /* NearbyTableViewController.m in Sources */ = {isa = PBXBuildFile; fileRef = A99BD8F6135DA84A0008588C /* NearbyTableViewController.m */; };
		A99BD8F9135DA84A0008588C /* NearbyTableViewController.xib in Resources */ = {isa = PBXBuildFile; fileRef = A99BD8F7135DA84A0008588C /* NearbyTableViewController.xib */; };
		A9A46A261363004100964881 /* ManagementRootViewController.m in Sources */ = {isa = PBXBuildFile; fileRef = A9A46A241363004100964881 /* ManagementRootViewController.m */; };
		A9A46A271363004100964881 /* ManagementRootViewController.xib in Resources */ = {isa = PBXBuildFile; fileRef = A9A46A251363004100964881 /* ManagementRootViewController.xib */; };
		A9A46A331363021500964881 /* BankSelectViewController.m in Sources */ = {isa = PBXBuildFile; fileRef = A9A46A311363021500964881 /* BankSelectViewController.m */; };
		A9A46A341363021500964881 /* BankSelectViewController.xib in Resources */ = {isa = PBXBuildFile; fileRef = A9A46A321363021500964881 /* BankSelectViewController.xib */; };
		A9A46A4613630D4A00964881 /* CardsSelectView.m in Sources */ = {isa = PBXBuildFile; fileRef = A9A46A4513630D4A00964881 /* CardsSelectView.m */; };
		A9A46A4813630D6000964881 /* CardsSelectView.xib in Resources */ = {isa = PBXBuildFile; fileRef = A9A46A4713630D5F00964881 /* CardsSelectView.xib */; };
		A9BE3005134B1F4600DA6E86 /* CFNetwork.framework in Frameworks */ = {isa = PBXBuildFile; fileRef = A9BE3004134B1F4600DA6E86 /* CFNetwork.framework */; };
		A9BE3080134B21C000DA6E86 /* Reachability.m in Sources */ = {isa = PBXBuildFile; fileRef = A9BE307F134B21C000DA6E86 /* Reachability.m */; };
		A9BE3086134B22BD00DA6E86 /* InterconnectWithServer.m in Sources */ = {isa = PBXBuildFile; fileRef = A9BE3085134B22BD00DA6E86 /* InterconnectWithServer.m */; };
		A9BE3090134B2E4100DA6E86 /* SystemConfiguration.framework in Frameworks */ = {isa = PBXBuildFile; fileRef = A9BE308F134B2E4100DA6E86 /* SystemConfiguration.framework */; };
		A9BE3092134B2E5000DA6E86 /* MobileCoreServices.framework in Frameworks */ = {isa = PBXBuildFile; fileRef = A9BE3091134B2E5000DA6E86 /* MobileCoreServices.framework */; };
		A9BE30A7134B2EEC00DA6E86 /* ASIAuthenticationDialog.m in Sources */ = {isa = PBXBuildFile; fileRef = A9BE3094134B2EEC00DA6E86 /* ASIAuthenticationDialog.m */; };
		A9BE30A8134B2EEC00DA6E86 /* ASIDataCompressor.m in Sources */ = {isa = PBXBuildFile; fileRef = A9BE3097134B2EEC00DA6E86 /* ASIDataCompressor.m */; };
		A9BE30A9134B2EEC00DA6E86 /* ASIDataDecompressor.m in Sources */ = {isa = PBXBuildFile; fileRef = A9BE3099134B2EEC00DA6E86 /* ASIDataDecompressor.m */; };
		A9BE30AA134B2EEC00DA6E86 /* ASIDownloadCache.m in Sources */ = {isa = PBXBuildFile; fileRef = A9BE309B134B2EEC00DA6E86 /* ASIDownloadCache.m */; };
		A9BE30AB134B2EEC00DA6E86 /* ASIFormDataRequest.m in Sources */ = {isa = PBXBuildFile; fileRef = A9BE309D134B2EEC00DA6E86 /* ASIFormDataRequest.m */; };
		A9BE30AC134B2EEC00DA6E86 /* ASIHTTPRequest.m in Sources */ = {isa = PBXBuildFile; fileRef = A9BE309F134B2EEC00DA6E86 /* ASIHTTPRequest.m */; };
		A9BE30AD134B2EEC00DA6E86 /* ASIInputStream.m in Sources */ = {isa = PBXBuildFile; fileRef = A9BE30A3134B2EEC00DA6E86 /* ASIInputStream.m */; };
		A9BE30AE134B2EEC00DA6E86 /* ASINetworkQueue.m in Sources */ = {isa = PBXBuildFile; fileRef = A9BE30A5134B2EEC00DA6E86 /* ASINetworkQueue.m */; };
		A9D10E041352072D0014E03B /* FetchDataController.m in Sources */ = {isa = PBXBuildFile; fileRef = A9D10E021352072D0014E03B /* FetchDataController.m */; };
/* End PBXBuildFile section */

/* Begin PBXFileReference section */
		413F1D50135DC736000CDB11 /* CategoryTableViewController.h */ = {isa = PBXFileReference; fileEncoding = 4; lastKnownFileType = sourcecode.c.h; path = CategoryTableViewController.h; sourceTree = "<group>"; };
		413F1D51135DC736000CDB11 /* CategoryTableViewController.m */ = {isa = PBXFileReference; fileEncoding = 4; lastKnownFileType = sourcecode.c.objc; path = CategoryTableViewController.m; sourceTree = "<group>"; };
		413F1D52135DC736000CDB11 /* CategoryTableViewController.xib */ = {isa = PBXFileReference; fileEncoding = 4; lastKnownFileType = file.xib; path = CategoryTableViewController.xib; sourceTree = "<group>"; };
		4155F0E21355F61B00EE4A1C /* credit_information.xml */ = {isa = PBXFileReference; fileEncoding = 4; lastKnownFileType = text.xml; path = credit_information.xml; sourceTree = "<group>"; };
		4155F0E41355F8A800EE4A1C /* Cards.h */ = {isa = PBXFileReference; fileEncoding = 4; lastKnownFileType = sourcecode.c.h; path = Cards.h; sourceTree = "<group>"; };
		4155F0E51355F8A800EE4A1C /* Cards.m */ = {isa = PBXFileReference; fileEncoding = 4; lastKnownFileType = sourcecode.c.objc; path = Cards.m; sourceTree = "<group>"; };
		41750DCB134AF09300CFF97E /* NSDataAdditions.h */ = {isa = PBXFileReference; fileEncoding = 4; lastKnownFileType = sourcecode.c.h; path = NSDataAdditions.h; sourceTree = "<group>"; };
		41750DCC134AF09300CFF97E /* NSDataAdditions.m */ = {isa = PBXFileReference; fileEncoding = 4; lastKnownFileType = sourcecode.c.objc; path = NSDataAdditions.m; sourceTree = "<group>"; };
		41750DCD134AF09300CFF97E /* TBXML.h */ = {isa = PBXFileReference; fileEncoding = 4; lastKnownFileType = sourcecode.c.h; path = TBXML.h; sourceTree = "<group>"; };
		41750DCE134AF09300CFF97E /* TBXML.m */ = {isa = PBXFileReference; fileEncoding = 4; lastKnownFileType = sourcecode.c.objc; path = TBXML.m; sourceTree = "<group>"; };
		41750DD2134AF0B900CFF97E /* CoreData.framework */ = {isa = PBXFileReference; lastKnownFileType = wrapper.framework; name = CoreData.framework; path = System/Library/Frameworks/CoreData.framework; sourceTree = SDKROOT; };
		41750DD4134AF0C500CFF97E /* CoreLocation.framework */ = {isa = PBXFileReference; lastKnownFileType = wrapper.framework; name = CoreLocation.framework; path = System/Library/Frameworks/CoreLocation.framework; sourceTree = SDKROOT; };
		41750DD6134AF0F300CFF97E /* libz.dylib */ = {isa = PBXFileReference; lastKnownFileType = "compiled.mach-o.dylib"; name = libz.dylib; path = usr/lib/libz.dylib; sourceTree = SDKROOT; };
		41750DD8134AF17300CFF97E /* ParseOperation.h */ = {isa = PBXFileReference; fileEncoding = 4; lastKnownFileType = sourcecode.c.h; path = ParseOperation.h; sourceTree = "<group>"; };
		41750DD9134AF17300CFF97E /* ParseOperation.m */ = {isa = PBXFileReference; fileEncoding = 4; lastKnownFileType = sourcecode.c.objc; path = ParseOperation.m; sourceTree = "<group>"; };
		41750DDB134AF1D000CFF97E /* DetailViewController.h */ = {isa = PBXFileReference; fileEncoding = 4; lastKnownFileType = sourcecode.c.h; path = DetailViewController.h; sourceTree = "<group>"; };
		41750DDC134AF1D000CFF97E /* DetailViewController.m */ = {isa = PBXFileReference; fileEncoding = 4; lastKnownFileType = sourcecode.c.objc; path = DetailViewController.m; sourceTree = "<group>"; };
		41750DE2134AF23000CFF97E /* ImageDownloader.h */ = {isa = PBXFileReference; fileEncoding = 4; lastKnownFileType = sourcecode.c.h; path = ImageDownloader.h; sourceTree = "<group>"; };
		41750DE3134AF23000CFF97E /* ImageDownloader.m */ = {isa = PBXFileReference; fileEncoding = 4; lastKnownFileType = sourcecode.c.objc; path = ImageDownloader.m; sourceTree = "<group>"; };
		41750DE5134AF27B00CFF97E /* CardsSelectorViewController.h */ = {isa = PBXFileReference; fileEncoding = 4; lastKnownFileType = sourcecode.c.h; path = CardsSelectorViewController.h; sourceTree = "<group>"; };
		41750DE6134AF27B00CFF97E /* CardsSelectorViewController.m */ = {isa = PBXFileReference; fileEncoding = 4; lastKnownFileType = sourcecode.c.objc; path = CardsSelectorViewController.m; sourceTree = "<group>"; };
		41750DE7134AF27B00CFF97E /* CardsSelectorViewController.xib */ = {isa = PBXFileReference; fileEncoding = 4; lastKnownFileType = file.xib; path = CardsSelectorViewController.xib; sourceTree = "<group>"; };
		41750DF1134AFA8300CFF97E /* ItemModel.xcdatamodel */ = {isa = PBXFileReference; lastKnownFileType = wrapper.xcdatamodel; path = ItemModel.xcdatamodel; sourceTree = "<group>"; };
		41750DF3134AFAB600CFF97E /* restaurants.png */ = {isa = PBXFileReference; lastKnownFileType = image.png; path = restaurants.png; sourceTree = "<group>"; };
		41750DF4134AFAB600CFF97E /* bar&coffee.png */ = {isa = PBXFileReference; lastKnownFileType = image.png; path = "bar&coffee.png"; sourceTree = "<group>"; };
		41750DF5134AFAB600CFF97E /* massages.png */ = {isa = PBXFileReference; lastKnownFileType = image.png; path = massages.png; sourceTree = "<group>"; };
		41750DF6134AFAB600CFF97E /* gasstations.png */ = {isa = PBXFileReference; lastKnownFileType = image.png; path = gasstations.png; sourceTree = "<group>"; };
		41750DF7134AFAB600CFF97E /* shoppingmalls.png */ = {isa = PBXFileReference; lastKnownFileType = image.png; path = shoppingmalls.png; sourceTree = "<group>"; };
		41750DF8134AFAB600CFF97E /* supermarkets.png */ = {isa = PBXFileReference; lastKnownFileType = image.png; path = supermarkets.png; sourceTree = "<group>"; };
		41750DF9134AFAB600CFF97E /* theaters.png */ = {isa = PBXFileReference; lastKnownFileType = image.png; path = theaters.png; sourceTree = "<group>"; };
		41750DFA134AFAB600CFF97E /* png-0011.png */ = {isa = PBXFileReference; lastKnownFileType = image.png; path = "png-0011.png"; sourceTree = "<group>"; };
		41750DFB134AFAB600CFF97E /* png-0030.png */ = {isa = PBXFileReference; lastKnownFileType = image.png; path = "png-0030.png"; sourceTree = "<group>"; };
		41750DFC134AFAB600CFF97E /* png-0002.png */ = {isa = PBXFileReference; lastKnownFileType = image.png; path = "png-0002.png"; sourceTree = "<group>"; };
		41750E07134AFB2600CFF97E /* MapKit.framework */ = {isa = PBXFileReference; lastKnownFileType = wrapper.framework; name = MapKit.framework; path = System/Library/Frameworks/MapKit.framework; sourceTree = SDKROOT; };
		41750E09134AFB4A00CFF97E /* MapViewController.h */ = {isa = PBXFileReference; fileEncoding = 4; lastKnownFileType = sourcecode.c.h; path = MapViewController.h; sourceTree = "<group>"; };
		41750E0A134AFB4C00CFF97E /* MapViewController.m */ = {isa = PBXFileReference; fileEncoding = 4; lastKnownFileType = sourcecode.c.objc; path = MapViewController.m; sourceTree = "<group>"; };
		41750E0B134AFB5100CFF97E /* MapViewController.xib */ = {isa = PBXFileReference; fileEncoding = 4; lastKnownFileType = file.xib; path = MapViewController.xib; sourceTree = "<group>"; };
		41750E0F134AFC2700CFF97E /* OneItem.h */ = {isa = PBXFileReference; fileEncoding = 4; lastKnownFileType = sourcecode.c.h; path = OneItem.h; sourceTree = "<group>"; };
		41750E10134AFC2800CFF97E /* OneItem.m */ = {isa = PBXFileReference; fileEncoding = 4; lastKnownFileType = sourcecode.c.objc; path = OneItem.m; sourceTree = "<group>"; };
		41750E12134AFCAB00CFF97E /* Place_holder.png */ = {isa = PBXFileReference; lastKnownFileType = image.png; path = Place_holder.png; sourceTree = "<group>"; };
		41A0376D1358730C001D52A8 /* IndividualTableCell.h */ = {isa = PBXFileReference; fileEncoding = 4; lastKnownFileType = sourcecode.c.h; path = IndividualTableCell.h; sourceTree = "<group>"; };
		41A0376E1358730C001D52A8 /* IndividualTableCell.m */ = {isa = PBXFileReference; fileEncoding = 4; lastKnownFileType = sourcecode.c.objc; path = IndividualTableCell.m; sourceTree = "<group>"; };
		41A0377213587383001D52A8 /* RatingView.h */ = {isa = PBXFileReference; fileEncoding = 4; lastKnownFileType = sourcecode.c.h; path = RatingView.h; sourceTree = "<group>"; };
		41A0377313587383001D52A8 /* RatingView.m */ = {isa = PBXFileReference; fileEncoding = 4; lastKnownFileType = sourcecode.c.objc; path = RatingView.m; sourceTree = "<group>"; };
		41A03775135874DF001D52A8 /* IndividualTableCell.xib */ = {isa = PBXFileReference; fileEncoding = 4; lastKnownFileType = file.xib; path = IndividualTableCell.xib; sourceTree = "<group>"; };
		41A0377713588555001D52A8 /* DetailViewController.xib */ = {isa = PBXFileReference; fileEncoding = 4; lastKnownFileType = file.xib; path = DetailViewController.xib; sourceTree = "<group>"; };
		41A4D0541348CB9A00D070BB /* ekkk.app */ = {isa = PBXFileReference; explicitFileType = wrapper.application; includeInIndex = 0; path = ekkk.app; sourceTree = BUILT_PRODUCTS_DIR; };
		41A4D0581348CB9A00D070BB /* UIKit.framework */ = {isa = PBXFileReference; lastKnownFileType = wrapper.framework; name = UIKit.framework; path = System/Library/Frameworks/UIKit.framework; sourceTree = SDKROOT; };
		41A4D05A1348CB9A00D070BB /* Foundation.framework */ = {isa = PBXFileReference; lastKnownFileType = wrapper.framework; name = Foundation.framework; path = System/Library/Frameworks/Foundation.framework; sourceTree = SDKROOT; };
		41A4D05C1348CB9A00D070BB /* CoreGraphics.framework */ = {isa = PBXFileReference; lastKnownFileType = wrapper.framework; name = CoreGraphics.framework; path = System/Library/Frameworks/CoreGraphics.framework; sourceTree = SDKROOT; };
		41A4D0601348CB9A00D070BB /* ekkk-Info.plist */ = {isa = PBXFileReference; lastKnownFileType = text.plist.xml; path = "ekkk-Info.plist"; sourceTree = "<group>"; };
		41A4D0621348CB9A00D070BB /* en */ = {isa = PBXFileReference; lastKnownFileType = text.plist.strings; name = en; path = en.lproj/InfoPlist.strings; sourceTree = "<group>"; };
		41A4D0641348CB9A00D070BB /* ekkk-Prefix.pch */ = {isa = PBXFileReference; lastKnownFileType = sourcecode.c.h; path = "ekkk-Prefix.pch"; sourceTree = "<group>"; };
		41A4D0651348CB9A00D070BB /* main.m */ = {isa = PBXFileReference; lastKnownFileType = sourcecode.c.objc; path = main.m; sourceTree = "<group>"; };
		41A4D0671348CB9A00D070BB /* ekkkAppDelegate.h */ = {isa = PBXFileReference; lastKnownFileType = sourcecode.c.h; path = ekkkAppDelegate.h; sourceTree = "<group>"; };
		41A4D0681348CB9A00D070BB /* ekkkAppDelegate.m */ = {isa = PBXFileReference; lastKnownFileType = sourcecode.c.objc; path = ekkkAppDelegate.m; sourceTree = "<group>"; };
		41A4D06B1348CB9A00D070BB /* en */ = {isa = PBXFileReference; lastKnownFileType = file.xib; name = en; path = en.lproj/MainWindow.xib; sourceTree = "<group>"; };
		41A4D0831348CC9D00D070BB /* OffersRootViewController.h */ = {isa = PBXFileReference; fileEncoding = 4; lastKnownFileType = sourcecode.c.h; path = OffersRootViewController.h; sourceTree = "<group>"; };
		41A4D0841348CC9D00D070BB /* OffersRootViewController.m */ = {isa = PBXFileReference; fileEncoding = 4; lastKnownFileType = sourcecode.c.objc; path = OffersRootViewController.m; sourceTree = "<group>"; };
		41A4D0851348CC9D00D070BB /* OffersRootViewController.xib */ = {isa = PBXFileReference; fileEncoding = 4; lastKnownFileType = file.xib; path = OffersRootViewController.xib; sourceTree = "<group>"; };
		41A4D0881348CCB300D070BB /* NearbyRootViewController.h */ = {isa = PBXFileReference; fileEncoding = 4; lastKnownFileType = sourcecode.c.h; path = NearbyRootViewController.h; sourceTree = "<group>"; };
		41A4D0891348CCB300D070BB /* NearbyRootViewController.m */ = {isa = PBXFileReference; fileEncoding = 4; lastKnownFileType = sourcecode.c.objc; path = NearbyRootViewController.m; sourceTree = "<group>"; };
		41A4D08A1348CCB300D070BB /* NearbyRootViewController.xib */ = {isa = PBXFileReference; fileEncoding = 4; lastKnownFileType = file.xib; path = NearbyRootViewController.xib; sourceTree = "<group>"; };
		41A4D08D1348CCC600D070BB /* CategoriesRootViewController.h */ = {isa = PBXFileReference; fileEncoding = 4; lastKnownFileType = sourcecode.c.h; path = CategoriesRootViewController.h; sourceTree = "<group>"; };
		41A4D08E1348CCC600D070BB /* CategoriesRootViewController.m */ = {isa = PBXFileReference; fileEncoding = 4; lastKnownFileType = sourcecode.c.objc; path = CategoriesRootViewController.m; sourceTree = "<group>"; };
		41A4D08F1348CCC600D070BB /* CategoriesRootViewController.xib */ = {isa = PBXFileReference; fileEncoding = 4; lastKnownFileType = file.xib; path = CategoriesRootViewController.xib; sourceTree = "<group>"; };
		41A4D0921348CCE000D070BB /* CardsRootViewController.h */ = {isa = PBXFileReference; fileEncoding = 4; lastKnownFileType = sourcecode.c.h; path = CardsRootViewController.h; sourceTree = "<group>"; };
		41A4D0931348CCE000D070BB /* CardsRootViewController.m */ = {isa = PBXFileReference; fileEncoding = 4; lastKnownFileType = sourcecode.c.objc; path = CardsRootViewController.m; sourceTree = "<group>"; };
		41A4D0941348CCE000D070BB /* CardsRootViewController.xib */ = {isa = PBXFileReference; fileEncoding = 4; lastKnownFileType = file.xib; path = CardsRootViewController.xib; sourceTree = "<group>"; };
		41AB4F58135096850031E4D0 /* test.xml */ = {isa = PBXFileReference; fileEncoding = 4; lastKnownFileType = text.xml; path = test.xml; sourceTree = "<group>"; };
		41E36473136439C2001EFDC4 /* 图标.png */ = {isa = PBXFileReference; lastKnownFileType = image.png; path = "图标.png"; sourceTree = "<group>"; };
		41E36474136439C2001EFDC4 /* 汇丰银行.png */ = {isa = PBXFileReference; lastKnownFileType = image.png; path = "汇丰银行.png"; sourceTree = "<group>"; };
		41E36476136439C2001EFDC4 /* 花旗银行.png */ = {isa = PBXFileReference; lastKnownFileType = image.png; path = "花旗银行.png"; sourceTree = "<group>"; };
		41E36477136439C2001EFDC4 /* 俏江南.png */ = {isa = PBXFileReference; lastKnownFileType = image.png; path = "俏江南.png"; sourceTree = "<group>"; };
		41E364A013646AC7001EFDC4 /* 中国光大银行.png */ = {isa = PBXFileReference; lastKnownFileType = image.png; path = "中国光大银行.png"; sourceTree = "<group>"; };
		41E364A113646AC7001EFDC4 /* 中国平安银行.png */ = {isa = PBXFileReference; lastKnownFileType = image.png; path = "中国平安银行.png"; sourceTree = "<group>"; };
		41E364A213646AC7001EFDC4 /* 中信银行.png */ = {isa = PBXFileReference; lastKnownFileType = image.png; path = "中信银行.png"; sourceTree = "<group>"; };
		41E364A313646AC7001EFDC4 /* 广东发展银行.png */ = {isa = PBXFileReference; lastKnownFileType = image.png; path = "广东发展银行.png"; sourceTree = "<group>"; };
		41E364A413646AC7001EFDC4 /* 福建兴业银行.png */ = {isa = PBXFileReference; lastKnownFileType = image.png; path = "福建兴业银行.png"; sourceTree = "<group>"; };
		41E364A513646AC7001EFDC4 /* 上海浦东发展银行.png */ = {isa = PBXFileReference; lastKnownFileType = image.png; path = "上海浦东发展银行.png"; sourceTree = "<group>"; };
		41E364A613646AC7001EFDC4 /* 中国民生银行.png */ = {isa = PBXFileReference; lastKnownFileType = image.png; path = "中国民生银行.png"; sourceTree = "<group>"; };
		41E364A713646AC7001EFDC4 /* 交通银行.png */ = {isa = PBXFileReference; lastKnownFileType = image.png; path = "交通银行.png"; sourceTree = "<group>"; };
		41E364A813646AC7001EFDC4 /* 中国工商银行.png */ = {isa = PBXFileReference; lastKnownFileType = image.png; path = "中国工商银行.png"; sourceTree = "<group>"; };
		41E364A913646AC7001EFDC4 /* 中国银行.png */ = {isa = PBXFileReference; lastKnownFileType = image.png; path = "中国银行.png"; sourceTree = "<group>"; };
		41E364AA13646AC7001EFDC4 /* 华夏银行.png */ = {isa = PBXFileReference; lastKnownFileType = image.png; path = "华夏银行.png"; sourceTree = "<group>"; };
		41E364AB13646AC7001EFDC4 /* 深圳发展银行.png */ = {isa = PBXFileReference; lastKnownFileType = image.png; path = "深圳发展银行.png"; sourceTree = "<group>"; };
		41E364AC13646AC7001EFDC4 /* 中国建设银行.png */ = {isa = PBXFileReference; lastKnownFileType = image.png; path = "中国建设银行.png"; sourceTree = "<group>"; };
		41E364AD13646AC8001EFDC4 /* 招商银行.png */ = {isa = PBXFileReference; lastKnownFileType = image.png; path = "招商银行.png"; sourceTree = "<group>"; };
		41E364AE13646AC8001EFDC4 /* 中国农业银行.png */ = {isa = PBXFileReference; lastKnownFileType = image.png; path = "中国农业银行.png"; sourceTree = "<group>"; };
		A90AED1C135EB1BE002DEFD3 /* BanksAndCards.plist */ = {isa = PBXFileReference; fileEncoding = 4; lastKnownFileType = text.plist.xml; path = BanksAndCards.plist; sourceTree = "<group>"; };
		A9724E2E135C835E000982A3 /* NearbyCategory.plist */ = {isa = PBXFileReference; lastKnownFileType = file.bplist; path = NearbyCategory.plist; sourceTree = "<group>"; };
		A97DA87C1361BBC100994946 /* CategoryTableCell.h */ = {isa = PBXFileReference; fileEncoding = 4; lastKnownFileType = sourcecode.c.h; path = CategoryTableCell.h; sourceTree = "<group>"; };
		A97DA87D1361BBC100994946 /* CategoryTableCell.m */ = {isa = PBXFileReference; fileEncoding = 4; lastKnownFileType = sourcecode.c.objc; path = CategoryTableCell.m; sourceTree = "<group>"; };
		A97DA87F1361BBD000994946 /* CategoryTableCell.xib */ = {isa = PBXFileReference; fileEncoding = 4; lastKnownFileType = file.xib; path = CategoryTableCell.xib; sourceTree = "<group>"; };
		A981565E135969570056396A /* CoreLocation.framework */ = {isa = PBXFileReference; lastKnownFileType = wrapper.framework; name = CoreLocation.framework; path = System/Library/Frameworks/CoreLocation.framework; sourceTree = SDKROOT; };
		A981566813598B2F0056396A /* ItemAnnotation.h */ = {isa = PBXFileReference; fileEncoding = 4; lastKnownFileType = sourcecode.c.h; path = ItemAnnotation.h; sourceTree = "<group>"; };
		A981566913598B300056396A /* ItemAnnotation.m */ = {isa = PBXFileReference; fileEncoding = 4; lastKnownFileType = sourcecode.c.objc; path = ItemAnnotation.m; sourceTree = "<group>"; };
		A99BD8F5135DA84A0008588C /* NearbyTableViewController.h */ = {isa = PBXFileReference; fileEncoding = 4; lastKnownFileType = sourcecode.c.h; path = NearbyTableViewController.h; sourceTree = "<group>"; };
		A99BD8F6135DA84A0008588C /* NearbyTableViewController.m */ = {isa = PBXFileReference; fileEncoding = 4; lastKnownFileType = sourcecode.c.objc; path = NearbyTableViewController.m; sourceTree = "<group>"; };
		A99BD8F7135DA84A0008588C /* NearbyTableViewController.xib */ = {isa = PBXFileReference; fileEncoding = 4; lastKnownFileType = file.xib; path = NearbyTableViewController.xib; sourceTree = "<group>"; };
		A9A46A231363004100964881 /* ManagementRootViewController.h */ = {isa = PBXFileReference; fileEncoding = 4; lastKnownFileType = sourcecode.c.h; path = ManagementRootViewController.h; sourceTree = "<group>"; };
		A9A46A241363004100964881 /* ManagementRootViewController.m */ = {isa = PBXFileReference; fileEncoding = 4; lastKnownFileType = sourcecode.c.objc; path = ManagementRootViewController.m; sourceTree = "<group>"; };
		A9A46A251363004100964881 /* ManagementRootViewController.xib */ = {isa = PBXFileReference; fileEncoding = 4; lastKnownFileType = file.xib; path = ManagementRootViewController.xib; sourceTree = "<group>"; };
		A9A46A301363021500964881 /* BankSelectViewController.h */ = {isa = PBXFileReference; fileEncoding = 4; lastKnownFileType = sourcecode.c.h; path = BankSelectViewController.h; sourceTree = "<group>"; };
		A9A46A311363021500964881 /* BankSelectViewController.m */ = {isa = PBXFileReference; fileEncoding = 4; lastKnownFileType = sourcecode.c.objc; path = BankSelectViewController.m; sourceTree = "<group>"; };
		A9A46A321363021500964881 /* BankSelectViewController.xib */ = {isa = PBXFileReference; fileEncoding = 4; lastKnownFileType = file.xib; path = BankSelectViewController.xib; sourceTree = "<group>"; };
		A9A46A4413630D4A00964881 /* CardsSelectView.h */ = {isa = PBXFileReference; fileEncoding = 4; lastKnownFileType = sourcecode.c.h; path = CardsSelectView.h; sourceTree = "<group>"; };
		A9A46A4513630D4A00964881 /* CardsSelectView.m */ = {isa = PBXFileReference; fileEncoding = 4; lastKnownFileType = sourcecode.c.objc; path = CardsSelectView.m; sourceTree = "<group>"; };
		A9A46A4713630D5F00964881 /* CardsSelectView.xib */ = {isa = PBXFileReference; fileEncoding = 4; lastKnownFileType = file.xib; path = CardsSelectView.xib; sourceTree = "<group>"; };
		A9BE3004134B1F4600DA6E86 /* CFNetwork.framework */ = {isa = PBXFileReference; lastKnownFileType = wrapper.framework; name = CFNetwork.framework; path = System/Library/Frameworks/CFNetwork.framework; sourceTree = SDKROOT; };
		A9BE307E134B21C000DA6E86 /* Reachability.h */ = {isa = PBXFileReference; fileEncoding = 4; lastKnownFileType = sourcecode.c.h; path = Reachability.h; sourceTree = "<group>"; };
		A9BE307F134B21C000DA6E86 /* Reachability.m */ = {isa = PBXFileReference; fileEncoding = 4; lastKnownFileType = sourcecode.c.objc; path = Reachability.m; sourceTree = "<group>"; };
		A9BE3084134B22BD00DA6E86 /* InterconnectWithServer.h */ = {isa = PBXFileReference; fileEncoding = 4; lastKnownFileType = sourcecode.c.h; path = InterconnectWithServer.h; sourceTree = "<group>"; };
		A9BE3085134B22BD00DA6E86 /* InterconnectWithServer.m */ = {isa = PBXFileReference; fileEncoding = 4; lastKnownFileType = sourcecode.c.objc; path = InterconnectWithServer.m; sourceTree = "<group>"; };
		A9BE308F134B2E4100DA6E86 /* SystemConfiguration.framework */ = {isa = PBXFileReference; lastKnownFileType = wrapper.framework; name = SystemConfiguration.framework; path = System/Library/Frameworks/SystemConfiguration.framework; sourceTree = SDKROOT; };
		A9BE3091134B2E5000DA6E86 /* MobileCoreServices.framework */ = {isa = PBXFileReference; lastKnownFileType = wrapper.framework; name = MobileCoreServices.framework; path = System/Library/Frameworks/MobileCoreServices.framework; sourceTree = SDKROOT; };
		A9BE3093134B2EEC00DA6E86 /* ASIAuthenticationDialog.h */ = {isa = PBXFileReference; fileEncoding = 4; lastKnownFileType = sourcecode.c.h; path = ASIAuthenticationDialog.h; sourceTree = "<group>"; };
		A9BE3094134B2EEC00DA6E86 /* ASIAuthenticationDialog.m */ = {isa = PBXFileReference; fileEncoding = 4; lastKnownFileType = sourcecode.c.objc; path = ASIAuthenticationDialog.m; sourceTree = "<group>"; };
		A9BE3095134B2EEC00DA6E86 /* ASICacheDelegate.h */ = {isa = PBXFileReference; fileEncoding = 4; lastKnownFileType = sourcecode.c.h; path = ASICacheDelegate.h; sourceTree = "<group>"; };
		A9BE3096134B2EEC00DA6E86 /* ASIDataCompressor.h */ = {isa = PBXFileReference; fileEncoding = 4; lastKnownFileType = sourcecode.c.h; path = ASIDataCompressor.h; sourceTree = "<group>"; };
		A9BE3097134B2EEC00DA6E86 /* ASIDataCompressor.m */ = {isa = PBXFileReference; fileEncoding = 4; lastKnownFileType = sourcecode.c.objc; path = ASIDataCompressor.m; sourceTree = "<group>"; };
		A9BE3098134B2EEC00DA6E86 /* ASIDataDecompressor.h */ = {isa = PBXFileReference; fileEncoding = 4; lastKnownFileType = sourcecode.c.h; path = ASIDataDecompressor.h; sourceTree = "<group>"; };
		A9BE3099134B2EEC00DA6E86 /* ASIDataDecompressor.m */ = {isa = PBXFileReference; fileEncoding = 4; lastKnownFileType = sourcecode.c.objc; path = ASIDataDecompressor.m; sourceTree = "<group>"; };
		A9BE309A134B2EEC00DA6E86 /* ASIDownloadCache.h */ = {isa = PBXFileReference; fileEncoding = 4; lastKnownFileType = sourcecode.c.h; path = ASIDownloadCache.h; sourceTree = "<group>"; };
		A9BE309B134B2EEC00DA6E86 /* ASIDownloadCache.m */ = {isa = PBXFileReference; fileEncoding = 4; lastKnownFileType = sourcecode.c.objc; path = ASIDownloadCache.m; sourceTree = "<group>"; };
		A9BE309C134B2EEC00DA6E86 /* ASIFormDataRequest.h */ = {isa = PBXFileReference; fileEncoding = 4; lastKnownFileType = sourcecode.c.h; path = ASIFormDataRequest.h; sourceTree = "<group>"; };
		A9BE309D134B2EEC00DA6E86 /* ASIFormDataRequest.m */ = {isa = PBXFileReference; fileEncoding = 4; lastKnownFileType = sourcecode.c.objc; path = ASIFormDataRequest.m; sourceTree = "<group>"; };
		A9BE309E134B2EEC00DA6E86 /* ASIHTTPRequest.h */ = {isa = PBXFileReference; fileEncoding = 4; lastKnownFileType = sourcecode.c.h; path = ASIHTTPRequest.h; sourceTree = "<group>"; };
		A9BE309F134B2EEC00DA6E86 /* ASIHTTPRequest.m */ = {isa = PBXFileReference; fileEncoding = 4; lastKnownFileType = sourcecode.c.objc; path = ASIHTTPRequest.m; sourceTree = "<group>"; };
		A9BE30A0134B2EEC00DA6E86 /* ASIHTTPRequestConfig.h */ = {isa = PBXFileReference; fileEncoding = 4; lastKnownFileType = sourcecode.c.h; path = ASIHTTPRequestConfig.h; sourceTree = "<group>"; };
		A9BE30A1134B2EEC00DA6E86 /* ASIHTTPRequestDelegate.h */ = {isa = PBXFileReference; fileEncoding = 4; lastKnownFileType = sourcecode.c.h; path = ASIHTTPRequestDelegate.h; sourceTree = "<group>"; };
		A9BE30A2134B2EEC00DA6E86 /* ASIInputStream.h */ = {isa = PBXFileReference; fileEncoding = 4; lastKnownFileType = sourcecode.c.h; path = ASIInputStream.h; sourceTree = "<group>"; };
		A9BE30A3134B2EEC00DA6E86 /* ASIInputStream.m */ = {isa = PBXFileReference; fileEncoding = 4; lastKnownFileType = sourcecode.c.objc; path = ASIInputStream.m; sourceTree = "<group>"; };
		A9BE30A4134B2EEC00DA6E86 /* ASINetworkQueue.h */ = {isa = PBXFileReference; fileEncoding = 4; lastKnownFileType = sourcecode.c.h; path = ASINetworkQueue.h; sourceTree = "<group>"; };
		A9BE30A5134B2EEC00DA6E86 /* ASINetworkQueue.m */ = {isa = PBXFileReference; fileEncoding = 4; lastKnownFileType = sourcecode.c.objc; path = ASINetworkQueue.m; sourceTree = "<group>"; };
		A9BE30A6134B2EEC00DA6E86 /* ASIProgressDelegate.h */ = {isa = PBXFileReference; fileEncoding = 4; lastKnownFileType = sourcecode.c.h; path = ASIProgressDelegate.h; sourceTree = "<group>"; };
		A9D10E021352072D0014E03B /* FetchDataController.m */ = {isa = PBXFileReference; fileEncoding = 4; lastKnownFileType = sourcecode.c.objc; path = FetchDataController.m; sourceTree = "<group>"; };
		A9D10E031352072D0014E03B /* FetchDataController.h */ = {isa = PBXFileReference; fileEncoding = 4; lastKnownFileType = sourcecode.c.h; path = FetchDataController.h; sourceTree = "<group>"; };
/* End PBXFileReference section */

/* Begin PBXFrameworksBuildPhase section */
		41A4D0511348CB9A00D070BB /* Frameworks */ = {
			isa = PBXFrameworksBuildPhase;
			buildActionMask = 2147483647;
			files = (
				41750DD5134AF0C500CFF97E /* CoreLocation.framework in Frameworks */,
				A9BE3092134B2E5000DA6E86 /* MobileCoreServices.framework in Frameworks */,
				A9BE3090134B2E4100DA6E86 /* SystemConfiguration.framework in Frameworks */,
				A9BE3005134B1F4600DA6E86 /* CFNetwork.framework in Frameworks */,
				41750E08134AFB2700CFF97E /* MapKit.framework in Frameworks */,
				41750DD7134AF0F300CFF97E /* libz.dylib in Frameworks */,
				41750DD3134AF0B900CFF97E /* CoreData.framework in Frameworks */,
				41A4D0591348CB9A00D070BB /* UIKit.framework in Frameworks */,
				41A4D05B1348CB9A00D070BB /* Foundation.framework in Frameworks */,
				41A4D05D1348CB9A00D070BB /* CoreGraphics.framework in Frameworks */,
			);
			runOnlyForDeploymentPostprocessing = 0;
		};
/* End PBXFrameworksBuildPhase section */

/* Begin PBXGroup section */
		41750DCA134AF09300CFF97E /* TBXML */ = {
			isa = PBXGroup;
			children = (
				41750DCB134AF09300CFF97E /* NSDataAdditions.h */,
				41750DCC134AF09300CFF97E /* NSDataAdditions.m */,
				41750DCD134AF09300CFF97E /* TBXML.h */,
				41750DCE134AF09300CFF97E /* TBXML.m */,
			);
			path = TBXML;
			sourceTree = "<group>";
		};
		41750DE0134AF1E700CFF97E /* ImageDownloader */ = {
			isa = PBXGroup;
			children = (
				41750DE2134AF23000CFF97E /* ImageDownloader.h */,
				41750DE3134AF23000CFF97E /* ImageDownloader.m */,
			);
			name = ImageDownloader;
			sourceTree = "<group>";
		};
		41750DE1134AF1EB00CFF97E /* DetailView */ = {
			isa = PBXGroup;
			children = (
				41A0377713588555001D52A8 /* DetailViewController.xib */,
				41750DDB134AF1D000CFF97E /* DetailViewController.h */,
				41750DDC134AF1D000CFF97E /* DetailViewController.m */,
			);
			name = DetailView;
			sourceTree = "<group>";
		};
		41750DED134AF84D00CFF97E /* FetchData */ = {
			isa = PBXGroup;
			children = (
				A9D10E031352072D0014E03B /* FetchDataController.h */,
				A9D10E021352072D0014E03B /* FetchDataController.m */,
			);
			name = FetchData;
			sourceTree = "<group>";
		};
		41750E0E134AFB6100CFF97E /* MapView */ = {
			isa = PBXGroup;
			children = (
				41750E09134AFB4A00CFF97E /* MapViewController.h */,
				41750E0A134AFB4C00CFF97E /* MapViewController.m */,
				41750E0B134AFB5100CFF97E /* MapViewController.xib */,
				A981566813598B2F0056396A /* ItemAnnotation.h */,
				A981566913598B300056396A /* ItemAnnotation.m */,
			);
			name = MapView;
			sourceTree = "<group>";
		};
		41750E16134AFCE100CFF97E /* Resource */ = {
			isa = PBXGroup;
			children = (
				41A4D0971348CDD700D070BB /* Images */,
			);
			name = Resource;
			path = ekkk;
			sourceTree = "<group>";
		};
		41750E18134AFEDD00CFF97E /* ItemModel */ = {
			isa = PBXGroup;
			children = (
				41750DF0134AFA8300CFF97E /* ItemModel.xcdatamodeld */,
				41750E0F134AFC2700CFF97E /* OneItem.h */,
				41750E10134AFC2800CFF97E /* OneItem.m */,
				4155F0E41355F8A800EE4A1C /* Cards.h */,
				4155F0E51355F8A800EE4A1C /* Cards.m */,
			);
			name = ItemModel;
			sourceTree = "<group>";
		};
		41A037711358731D001D52A8 /* IndividualTableCell */ = {
			isa = PBXGroup;
			children = (
				41A0376D1358730C001D52A8 /* IndividualTableCell.h */,
				41A0376E1358730C001D52A8 /* IndividualTableCell.m */,
				41A03775135874DF001D52A8 /* IndividualTableCell.xib */,
				41A0377213587383001D52A8 /* RatingView.h */,
				41A0377313587383001D52A8 /* RatingView.m */,
			);
			name = IndividualTableCell;
			sourceTree = "<group>";
		};
		41A4D0491348CB9A00D070BB = {
			isa = PBXGroup;
			children = (
				41A4D05E1348CB9A00D070BB /* ekkk */,
				41750E16134AFCE100CFF97E /* Resource */,
				41A4D0571348CB9A00D070BB /* Frameworks */,
				41A4D0551348CB9A00D070BB /* Products */,
			);
			sourceTree = "<group>";
		};
		41A4D0551348CB9A00D070BB /* Products */ = {
			isa = PBXGroup;
			children = (
				41A4D0541348CB9A00D070BB /* ekkk.app */,
			);
			name = Products;
			sourceTree = "<group>";
		};
		41A4D0571348CB9A00D070BB /* Frameworks */ = {
			isa = PBXGroup;
			children = (
				A981565E135969570056396A /* CoreLocation.framework */,
				A9BE3091134B2E5000DA6E86 /* MobileCoreServices.framework */,
				A9BE308F134B2E4100DA6E86 /* SystemConfiguration.framework */,
				A9BE3004134B1F4600DA6E86 /* CFNetwork.framework */,
				41750E07134AFB2600CFF97E /* MapKit.framework */,
				41750DD6134AF0F300CFF97E /* libz.dylib */,
				41750DD4134AF0C500CFF97E /* CoreLocation.framework */,
				41750DD2134AF0B900CFF97E /* CoreData.framework */,
				41A4D0581348CB9A00D070BB /* UIKit.framework */,
				41A4D05A1348CB9A00D070BB /* Foundation.framework */,
				41A4D05C1348CB9A00D070BB /* CoreGraphics.framework */,
			);
			name = Frameworks;
			sourceTree = "<group>";
		};
		41A4D05E1348CB9A00D070BB /* ekkk */ = {
			isa = PBXGroup;
			children = (
				A9A46A211362FF4700964881 /* Manage */,
				41A037711358731D001D52A8 /* IndividualTableCell */,
				4155F0E21355F61B00EE4A1C /* credit_information.xml */,
				41AB4F58135096850031E4D0 /* test.xml */,
				A9BE3006134B215000DA6E86 /* ASIHttpRequest */,
				41750E18134AFEDD00CFF97E /* ItemModel */,
				41750E0E134AFB6100CFF97E /* MapView */,
				41750DED134AF84D00CFF97E /* FetchData */,
				41750DE1134AF1EB00CFF97E /* DetailView */,
				41750DE0134AF1E700CFF97E /* ImageDownloader */,
				41750DCA134AF09300CFF97E /* TBXML */,
				41A4D0821348CC5E00D070BB /* Parse */,
				41A4D0811348CC5300D070BB /* Offers */,
				41A4D0801348CC4D00D070BB /* Nearby */,
				41A4D07F1348CC4900D070BB /* Categories */,
				41A4D07E1348CC3D00D070BB /* Cards */,
				41A4D0671348CB9A00D070BB /* ekkkAppDelegate.h */,
				41A4D0681348CB9A00D070BB /* ekkkAppDelegate.m */,
				41A4D06A1348CB9A00D070BB /* MainWindow.xib */,
				41A4D05F1348CB9A00D070BB /* Supporting Files */,
			);
			path = ekkk;
			sourceTree = "<group>";
		};
		41A4D05F1348CB9A00D070BB /* Supporting Files */ = {
			isa = PBXGroup;
			children = (
				41A4D0601348CB9A00D070BB /* ekkk-Info.plist */,
				41A4D0611348CB9A00D070BB /* InfoPlist.strings */,
				41A4D0641348CB9A00D070BB /* ekkk-Prefix.pch */,
				41A4D0651348CB9A00D070BB /* main.m */,
			);
			name = "Supporting Files";
			sourceTree = "<group>";
		};
		41A4D07E1348CC3D00D070BB /* Cards */ = {
			isa = PBXGroup;
			children = (
				41A4D0921348CCE000D070BB /* CardsRootViewController.h */,
				41A4D0931348CCE000D070BB /* CardsRootViewController.m */,
				41A4D0941348CCE000D070BB /* CardsRootViewController.xib */,
				41750DE5134AF27B00CFF97E /* CardsSelectorViewController.h */,
				41750DE6134AF27B00CFF97E /* CardsSelectorViewController.m */,
				41750DE7134AF27B00CFF97E /* CardsSelectorViewController.xib */,
				A90AED1C135EB1BE002DEFD3 /* BanksAndCards.plist */,
			);
			name = Cards;
			sourceTree = "<group>";
		};
		41A4D07F1348CC4900D070BB /* Categories */ = {
			isa = PBXGroup;
			children = (
				41A4D08D1348CCC600D070BB /* CategoriesRootViewController.h */,
				41A4D08E1348CCC600D070BB /* CategoriesRootViewController.m */,
				41A4D08F1348CCC600D070BB /* CategoriesRootViewController.xib */,
				413F1D50135DC736000CDB11 /* CategoryTableViewController.h */,
				413F1D51135DC736000CDB11 /* CategoryTableViewController.m */,
				413F1D52135DC736000CDB11 /* CategoryTableViewController.xib */,
				A97DA87C1361BBC100994946 /* CategoryTableCell.h */,
				A97DA87D1361BBC100994946 /* CategoryTableCell.m */,
				A97DA87F1361BBD000994946 /* CategoryTableCell.xib */,
			);
			name = Categories;
			sourceTree = "<group>";
		};
		41A4D0801348CC4D00D070BB /* Nearby */ = {
			isa = PBXGroup;
			children = (
				A9724E2E135C835E000982A3 /* NearbyCategory.plist */,
				41A4D0881348CCB300D070BB /* NearbyRootViewController.h */,
				41A4D0891348CCB300D070BB /* NearbyRootViewController.m */,
				41A4D08A1348CCB300D070BB /* NearbyRootViewController.xib */,
				A99BD8F5135DA84A0008588C /* NearbyTableViewController.h */,
				A99BD8F6135DA84A0008588C /* NearbyTableViewController.m */,
				A99BD8F7135DA84A0008588C /* NearbyTableViewController.xib */,
			);
			name = Nearby;
			sourceTree = "<group>";
		};
		41A4D0811348CC5300D070BB /* Offers */ = {
			isa = PBXGroup;
			children = (
				41A4D0831348CC9D00D070BB /* OffersRootViewController.h */,
				41A4D0841348CC9D00D070BB /* OffersRootViewController.m */,
				41A4D0851348CC9D00D070BB /* OffersRootViewController.xib */,
			);
			name = Offers;
			sourceTree = "<group>";
		};
		41A4D0821348CC5E00D070BB /* Parse */ = {
			isa = PBXGroup;
			children = (
				A9BE3084134B22BD00DA6E86 /* InterconnectWithServer.h */,
				A9BE3085134B22BD00DA6E86 /* InterconnectWithServer.m */,
				41750DD8134AF17300CFF97E /* ParseOperation.h */,
				41750DD9134AF17300CFF97E /* ParseOperation.m */,
			);
			name = Parse;
			sourceTree = "<group>";
		};
		41A4D0971348CDD700D070BB /* Images */ = {
			isa = PBXGroup;
			children = (
				41E364A013646AC7001EFDC4 /* 中国光大银行.png */,
				41E364A113646AC7001EFDC4 /* 中国平安银行.png */,
				41E364A213646AC7001EFDC4 /* 中信银行.png */,
				41E364A313646AC7001EFDC4 /* 广东发展银行.png */,
				41E364A413646AC7001EFDC4 /* 福建兴业银行.png */,
				41E364A513646AC7001EFDC4 /* 上海浦东发展银行.png */,
				41E364A613646AC7001EFDC4 /* 中国民生银行.png */,
				41E364A713646AC7001EFDC4 /* 交通银行.png */,
				41E364A813646AC7001EFDC4 /* 中国工商银行.png */,
				41E364A913646AC7001EFDC4 /* 中国银行.png */,
				41E364AA13646AC7001EFDC4 /* 华夏银行.png */,
				41E364AB13646AC7001EFDC4 /* 深圳发展银行.png */,
				41E364AC13646AC7001EFDC4 /* 中国建设银行.png */,
				41E364AD13646AC8001EFDC4 /* 招商银行.png */,
				41E364AE13646AC8001EFDC4 /* 中国农业银行.png */,
				41750E12134AFCAB00CFF97E /* Place_holder.png */,
				41E36473136439C2001EFDC4 /* 图标.png */,
				41E36474136439C2001EFDC4 /* 汇丰银行.png */,
				41E36476136439C2001EFDC4 /* 花旗银行.png */,
				41E36477136439C2001EFDC4 /* 俏江南.png */,
				41750DF3134AFAB600CFF97E /* restaurants.png */,
				41750DF4134AFAB600CFF97E /* bar&coffee.png */,
				41750DF5134AFAB600CFF97E /* massages.png */,
				41750DF6134AFAB600CFF97E /* gasstations.png */,
				41750DF7134AFAB600CFF97E /* shoppingmalls.png */,
				41750DF8134AFAB600CFF97E /* supermarkets.png */,
				41750DF9134AFAB600CFF97E /* theaters.png */,
				41750DFA134AFAB600CFF97E /* png-0011.png */,
				41750DFB134AFAB600CFF97E /* png-0030.png */,
				41750DFC134AFAB600CFF97E /* png-0002.png */,
			);
			name = Images;
			sourceTree = "<group>";
		};
		A9A46A211362FF4700964881 /* Manage */ = {
			isa = PBXGroup;
			children = (
				A9A46A231363004100964881 /* ManagementRootViewController.h */,
				A9A46A241363004100964881 /* ManagementRootViewController.m */,
				A9A46A251363004100964881 /* ManagementRootViewController.xib */,
				A9A46A301363021500964881 /* BankSelectViewController.h */,
				A9A46A311363021500964881 /* BankSelectViewController.m */,
				A9A46A321363021500964881 /* BankSelectViewController.xib */,
				A9A46A4413630D4A00964881 /* CardsSelectView.h */,
				A9A46A4513630D4A00964881 /* CardsSelectView.m */,
				A9A46A4713630D5F00964881 /* CardsSelectView.xib */,
			);
			name = Manage;
			sourceTree = "<group>";
		};
		A9BE3006134B215000DA6E86 /* ASIHttpRequest */ = {
			isa = PBXGroup;
			children = (
				A9BE3093134B2EEC00DA6E86 /* ASIAuthenticationDialog.h */,
				A9BE3094134B2EEC00DA6E86 /* ASIAuthenticationDialog.m */,
				A9BE3095134B2EEC00DA6E86 /* ASICacheDelegate.h */,
				A9BE3096134B2EEC00DA6E86 /* ASIDataCompressor.h */,
				A9BE3097134B2EEC00DA6E86 /* ASIDataCompressor.m */,
				A9BE3098134B2EEC00DA6E86 /* ASIDataDecompressor.h */,
				A9BE3099134B2EEC00DA6E86 /* ASIDataDecompressor.m */,
				A9BE309A134B2EEC00DA6E86 /* ASIDownloadCache.h */,
				A9BE309B134B2EEC00DA6E86 /* ASIDownloadCache.m */,
				A9BE309C134B2EEC00DA6E86 /* ASIFormDataRequest.h */,
				A9BE309D134B2EEC00DA6E86 /* ASIFormDataRequest.m */,
				A9BE309E134B2EEC00DA6E86 /* ASIHTTPRequest.h */,
				A9BE309F134B2EEC00DA6E86 /* ASIHTTPRequest.m */,
				A9BE30A0134B2EEC00DA6E86 /* ASIHTTPRequestConfig.h */,
				A9BE30A1134B2EEC00DA6E86 /* ASIHTTPRequestDelegate.h */,
				A9BE30A2134B2EEC00DA6E86 /* ASIInputStream.h */,
				A9BE30A3134B2EEC00DA6E86 /* ASIInputStream.m */,
				A9BE30A4134B2EEC00DA6E86 /* ASINetworkQueue.h */,
				A9BE30A5134B2EEC00DA6E86 /* ASINetworkQueue.m */,
				A9BE30A6134B2EEC00DA6E86 /* ASIProgressDelegate.h */,
				A9BE307E134B21C000DA6E86 /* Reachability.h */,
				A9BE307F134B21C000DA6E86 /* Reachability.m */,
			);
			name = ASIHttpRequest;
			path = Classes;
			sourceTree = "<group>";
		};
/* End PBXGroup section */

/* Begin PBXNativeTarget section */
		41A4D0531348CB9A00D070BB /* ekkk */ = {
			isa = PBXNativeTarget;
			buildConfigurationList = 41A4D07B1348CB9A00D070BB /* Build configuration list for PBXNativeTarget "ekkk" */;
			buildPhases = (
				41A4D0501348CB9A00D070BB /* Sources */,
				41A4D0511348CB9A00D070BB /* Frameworks */,
				41A4D0521348CB9A00D070BB /* Resources */,
			);
			buildRules = (
			);
			dependencies = (
			);
			name = ekkk;
			productName = ekkk;
			productReference = 41A4D0541348CB9A00D070BB /* ekkk.app */;
			productType = "com.apple.product-type.application";
		};
/* End PBXNativeTarget section */

/* Begin PBXProject section */
		41A4D04B1348CB9A00D070BB /* Project object */ = {
			isa = PBXProject;
			buildConfigurationList = 41A4D04E1348CB9A00D070BB /* Build configuration list for PBXProject "ekkk" */;
			compatibilityVersion = "Xcode 3.2";
			developmentRegion = English;
			hasScannedForEncodings = 0;
			knownRegions = (
				en,
			);
			mainGroup = 41A4D0491348CB9A00D070BB;
			productRefGroup = 41A4D0551348CB9A00D070BB /* Products */;
			projectDirPath = "";
			projectRoot = "";
			targets = (
				41A4D0531348CB9A00D070BB /* ekkk */,
			);
		};
/* End PBXProject section */

/* Begin PBXResourcesBuildPhase section */
		41A4D0521348CB9A00D070BB /* Resources */ = {
			isa = PBXResourcesBuildPhase;
			buildActionMask = 2147483647;
			files = (
				41A4D0631348CB9A00D070BB /* InfoPlist.strings in Resources */,
				41A4D06C1348CB9A00D070BB /* MainWindow.xib in Resources */,
				41A4D0871348CC9D00D070BB /* OffersRootViewController.xib in Resources */,
				41A4D08C1348CCB300D070BB /* NearbyRootViewController.xib in Resources */,
				41A4D0911348CCC600D070BB /* CategoriesRootViewController.xib in Resources */,
				41A4D0961348CCE000D070BB /* CardsRootViewController.xib in Resources */,
				41750DE9134AF27B00CFF97E /* CardsSelectorViewController.xib in Resources */,
				41750DFD134AFAB600CFF97E /* restaurants.png in Resources */,
				41750DFE134AFAB600CFF97E /* bar&coffee.png in Resources */,
				41750DFF134AFAB600CFF97E /* massages.png in Resources */,
				41750E00134AFAB600CFF97E /* gasstations.png in Resources */,
				41750E01134AFAB600CFF97E /* shoppingmalls.png in Resources */,
				41750E02134AFAB600CFF97E /* supermarkets.png in Resources */,
				41750E03134AFAB600CFF97E /* theaters.png in Resources */,
				41750E04134AFAB600CFF97E /* png-0011.png in Resources */,
				41750E05134AFAB600CFF97E /* png-0030.png in Resources */,
				41750E06134AFAB600CFF97E /* png-0002.png in Resources */,
				41750E0D134AFB5900CFF97E /* MapViewController.xib in Resources */,
				41750E13134AFCAC00CFF97E /* Place_holder.png in Resources */,
				41AB4F59135096850031E4D0 /* test.xml in Resources */,
				4155F0E31355F61B00EE4A1C /* credit_information.xml in Resources */,
				41A03776135874DF001D52A8 /* IndividualTableCell.xib in Resources */,
				41A0377813588555001D52A8 /* DetailViewController.xib in Resources */,
				A9724E2F135C835E000982A3 /* NearbyCategory.plist in Resources */,
				A99BD8F9135DA84A0008588C /* NearbyTableViewController.xib in Resources */,
				413F1D54135DC736000CDB11 /* CategoryTableViewController.xib in Resources */,
				A90AED1D135EB1BE002DEFD3 /* BanksAndCards.plist in Resources */,
				A97DA8801361BBD000994946 /* CategoryTableCell.xib in Resources */,
				A9A46A271363004100964881 /* ManagementRootViewController.xib in Resources */,
				A9A46A341363021500964881 /* BankSelectViewController.xib in Resources */,
				A9A46A4813630D6000964881 /* CardsSelectView.xib in Resources */,
				41E36478136439C2001EFDC4 /* 图标.png in Resources */,
				41E36479136439C2001EFDC4 /* 汇丰银行.png in Resources */,
				41E3647B136439C2001EFDC4 /* 花旗银行.png in Resources */,
				41E3647C136439C2001EFDC4 /* 俏江南.png in Resources */,
				41E364AF13646AC8001EFDC4 /* 中国光大银行.png in Resources */,
				41E364B013646AC8001EFDC4 /* 中国平安银行.png in Resources */,
				41E364B113646AC8001EFDC4 /* 中信银行.png in Resources */,
				41E364B213646AC8001EFDC4 /* 广东发展银行.png in Resources */,
				41E364B313646AC8001EFDC4 /* 福建兴业银行.png in Resources */,
				41E364B413646AC8001EFDC4 /* 上海浦东发展银行.png in Resources */,
				41E364B513646AC8001EFDC4 /* 中国民生银行.png in Resources */,
				41E364B613646AC8001EFDC4 /* 交通银行.png in Resources */,
				41E364B713646AC8001EFDC4 /* 中国工商银行.png in Resources */,
				41E364B813646AC8001EFDC4 /* 中国银行.png in Resources */,
				41E364B913646AC8001EFDC4 /* 华夏银行.png in Resources */,
				41E364BA13646AC8001EFDC4 /* 深圳发展银行.png in Resources */,
				41E364BB13646AC8001EFDC4 /* 中国建设银行.png in Resources */,
				41E364BC13646AC8001EFDC4 /* 招商银行.png in Resources */,
				41E364BD13646AC8001EFDC4 /* 中国农业银行.png in Resources */,
			);
			runOnlyForDeploymentPostprocessing = 0;
		};
/* End PBXResourcesBuildPhase section */

/* Begin PBXSourcesBuildPhase section */
		41A4D0501348CB9A00D070BB /* Sources */ = {
			isa = PBXSourcesBuildPhase;
			buildActionMask = 2147483647;
			files = (
				41A4D0661348CB9A00D070BB /* main.m in Sources */,
				41A4D0691348CB9A00D070BB /* ekkkAppDelegate.m in Sources */,
				41A4D0861348CC9D00D070BB /* OffersRootViewController.m in Sources */,
				41A4D08B1348CCB300D070BB /* NearbyRootViewController.m in Sources */,
				41A4D0901348CCC600D070BB /* CategoriesRootViewController.m in Sources */,
				41A4D0951348CCE000D070BB /* CardsRootViewController.m in Sources */,
				41750DCF134AF09300CFF97E /* NSDataAdditions.m in Sources */,
				41750DD0134AF09300CFF97E /* TBXML.m in Sources */,
				41750DDA134AF17300CFF97E /* ParseOperation.m in Sources */,
				41750DDE134AF1D000CFF97E /* DetailViewController.m in Sources */,
				41750DE4134AF23000CFF97E /* ImageDownloader.m in Sources */,
				41750DE8134AF27B00CFF97E /* CardsSelectorViewController.m in Sources */,
				41750DF2134AFA8300CFF97E /* ItemModel.xcdatamodeld in Sources */,
				41750E0C134AFB5900CFF97E /* MapViewController.m in Sources */,
				41750E11134AFC2900CFF97E /* OneItem.m in Sources */,
				A9BE3080134B21C000DA6E86 /* Reachability.m in Sources */,
				A9BE3086134B22BD00DA6E86 /* InterconnectWithServer.m in Sources */,
				A9BE30A7134B2EEC00DA6E86 /* ASIAuthenticationDialog.m in Sources */,
				A9BE30A8134B2EEC00DA6E86 /* ASIDataCompressor.m in Sources */,
				A9BE30A9134B2EEC00DA6E86 /* ASIDataDecompressor.m in Sources */,
				A9BE30AA134B2EEC00DA6E86 /* ASIDownloadCache.m in Sources */,
				A9BE30AB134B2EEC00DA6E86 /* ASIFormDataRequest.m in Sources */,
				A9BE30AC134B2EEC00DA6E86 /* ASIHTTPRequest.m in Sources */,
				A9BE30AD134B2EEC00DA6E86 /* ASIInputStream.m in Sources */,
				A9BE30AE134B2EEC00DA6E86 /* ASINetworkQueue.m in Sources */,
				A9D10E041352072D0014E03B /* FetchDataController.m in Sources */,
				4155F0E61355F8A800EE4A1C /* Cards.m in Sources */,
				41A0376F1358730C001D52A8 /* IndividualTableCell.m in Sources */,
				41A0377413587383001D52A8 /* RatingView.m in Sources */,
				A981566A13598B300056396A /* ItemAnnotation.m in Sources */,
				A99BD8F8135DA84A0008588C /* NearbyTableViewController.m in Sources */,
				413F1D53135DC736000CDB11 /* CategoryTableViewController.m in Sources */,
				A97DA87E1361BBC100994946 /* CategoryTableCell.m in Sources */,
				A9A46A261363004100964881 /* ManagementRootViewController.m in Sources */,
				A9A46A331363021500964881 /* BankSelectViewController.m in Sources */,
				A9A46A4613630D4A00964881 /* CardsSelectView.m in Sources */,
			);
			runOnlyForDeploymentPostprocessing = 0;
		};
/* End PBXSourcesBuildPhase section */

/* Begin PBXVariantGroup section */
		41A4D0611348CB9A00D070BB /* InfoPlist.strings */ = {
			isa = PBXVariantGroup;
			children = (
				41A4D0621348CB9A00D070BB /* en */,
			);
			name = InfoPlist.strings;
			sourceTree = "<group>";
		};
		41A4D06A1348CB9A00D070BB /* MainWindow.xib */ = {
			isa = PBXVariantGroup;
			children = (
				41A4D06B1348CB9A00D070BB /* en */,
			);
			name = MainWindow.xib;
			sourceTree = "<group>";
		};
/* End PBXVariantGroup section */

/* Begin XCBuildConfiguration section */
		41A4D0791348CB9A00D070BB /* Debug */ = {
			isa = XCBuildConfiguration;
			buildSettings = {
				ARCHS = "$(ARCHS_STANDARD_32_BIT)";
				"CODE_SIGN_IDENTITY[sdk=iphoneos*]" = "iPhone Developer";
				GCC_C_LANGUAGE_STANDARD = gnu99;
				GCC_OPTIMIZATION_LEVEL = 0;
				GCC_PREPROCESSOR_DEFINITIONS = DEBUG;
				GCC_SYMBOLS_PRIVATE_EXTERN = NO;
				GCC_VERSION = com.apple.compilers.llvmgcc42;
				GCC_WARN_ABOUT_RETURN_TYPE = YES;
				GCC_WARN_UNUSED_VARIABLE = YES;
				IPHONEOS_DEPLOYMENT_TARGET = 4.3;
				SDKROOT = iphoneos;
			};
			name = Debug;
		};
		41A4D07A1348CB9A00D070BB /* Release */ = {
			isa = XCBuildConfiguration;
			buildSettings = {
				ARCHS = "$(ARCHS_STANDARD_32_BIT)";
				"CODE_SIGN_IDENTITY[sdk=iphoneos*]" = "iPhone Developer";
				GCC_C_LANGUAGE_STANDARD = gnu99;
				GCC_VERSION = com.apple.compilers.llvmgcc42;
				GCC_WARN_ABOUT_RETURN_TYPE = YES;
				GCC_WARN_UNUSED_VARIABLE = YES;
				IPHONEOS_DEPLOYMENT_TARGET = 4.3;
				OTHER_CFLAGS = "-DNS_BLOCK_ASSERTIONS=1";
				SDKROOT = iphoneos;
			};
			name = Release;
		};
		41A4D07C1348CB9A00D070BB /* Debug */ = {
			isa = XCBuildConfiguration;
			buildSettings = {
				ALWAYS_SEARCH_USER_PATHS = NO;
				COPY_PHASE_STRIP = NO;
				GCC_DYNAMIC_NO_PIC = NO;
				GCC_PRECOMPILE_PREFIX_HEADER = YES;
				GCC_PREFIX_HEADER = "ekkk/ekkk-Prefix.pch";
				INFOPLIST_FILE = "ekkk/ekkk-Info.plist";
				PRODUCT_NAME = "$(TARGET_NAME)";
				WRAPPER_EXTENSION = app;
			};
			name = Debug;
		};
		41A4D07D1348CB9A00D070BB /* Release */ = {
			isa = XCBuildConfiguration;
			buildSettings = {
				ALWAYS_SEARCH_USER_PATHS = NO;
				COPY_PHASE_STRIP = YES;
				GCC_PRECOMPILE_PREFIX_HEADER = YES;
				GCC_PREFIX_HEADER = "ekkk/ekkk-Prefix.pch";
				INFOPLIST_FILE = "ekkk/ekkk-Info.plist";
				PRODUCT_NAME = "$(TARGET_NAME)";
				VALIDATE_PRODUCT = YES;
				WRAPPER_EXTENSION = app;
			};
			name = Release;
		};
/* End XCBuildConfiguration section */

/* Begin XCConfigurationList section */
		41A4D04E1348CB9A00D070BB /* Build configuration list for PBXProject "ekkk" */ = {
			isa = XCConfigurationList;
			buildConfigurations = (
				41A4D0791348CB9A00D070BB /* Debug */,
				41A4D07A1348CB9A00D070BB /* Release */,
			);
			defaultConfigurationIsVisible = 0;
			defaultConfigurationName = Release;
		};
		41A4D07B1348CB9A00D070BB /* Build configuration list for PBXNativeTarget "ekkk" */ = {
			isa = XCConfigurationList;
			buildConfigurations = (
				41A4D07C1348CB9A00D070BB /* Debug */,
				41A4D07D1348CB9A00D070BB /* Release */,
			);
			defaultConfigurationIsVisible = 0;
			defaultConfigurationName = Release;
		};
/* End XCConfigurationList section */

/* Begin XCVersionGroup section */
		41750DF0134AFA8300CFF97E /* ItemModel.xcdatamodeld */ = {
			isa = XCVersionGroup;
			children = (
				41750DF1134AFA8300CFF97E /* ItemModel.xcdatamodel */,
			);
			currentVersion = 41750DF1134AFA8300CFF97E /* ItemModel.xcdatamodel */;
			path = ItemModel.xcdatamodeld;
			sourceTree = "<group>";
			versionGroupType = wrapper.xcdatamodel;
		};
/* End XCVersionGroup section */
	};
	rootObject = 41A4D04B1348CB9A00D070BB /* Project object */;
}
