// !$*UTF8*$!
{
	archiveVersion = 1;
	classes = {
	};
	objectVersion = 46;
	objects = {

/* Begin PBXBuildFile section */
		41A4D0591348CB9A00D070BB /* UIKit.framework in Frameworks */ = {isa = PBXBuildFile; fileRef = 41A4D0581348CB9A00D070BB /* UIKit.framework */; };
		41A4D05B1348CB9A00D070BB /* Foundation.framework in Frameworks */ = {isa = PBXBuildFile; fileRef = 41A4D05A1348CB9A00D070BB /* Foundation.framework */; };
		41A4D05D1348CB9A00D070BB /* CoreGraphics.framework in Frameworks */ = {isa = PBXBuildFile; fileRef = 41A4D05C1348CB9A00D070BB /* CoreGraphics.framework */; };
		41A4D0631348CB9A00D070BB /* InfoPlist.strings in Resources */ = {isa = PBXBuildFile; fileRef = 41A4D0611348CB9A00D070BB /* InfoPlist.strings */; };
		41A4D0661348CB9A00D070BB /* main.m in Sources */ = {isa = PBXBuildFile; fileRef = 41A4D0651348CB9A00D070BB /* main.m */; };
		41A4D0691348CB9A00D070BB /* ekkkAppDelegate.m in Sources */ = {isa = PBXBuildFile; fileRef = 41A4D0681348CB9A00D070BB /* ekkkAppDelegate.m */; };
		41A4D06C1348CB9A00D070BB /* MainWindow.xib in Resources */ = {isa = PBXBuildFile; fileRef = 41A4D06A1348CB9A00D070BB /* MainWindow.xib */; };
		41A4D06F1348CB9A00D070BB /* FirstViewController.m in Sources */ = {isa = PBXBuildFile; fileRef = 41A4D06E1348CB9A00D070BB /* FirstViewController.m */; };
		41A4D0721348CB9A00D070BB /* SecondViewController.m in Sources */ = {isa = PBXBuildFile; fileRef = 41A4D0711348CB9A00D070BB /* SecondViewController.m */; };
		41A4D0751348CB9A00D070BB /* FirstView.xib in Resources */ = {isa = PBXBuildFile; fileRef = 41A4D0731348CB9A00D070BB /* FirstView.xib */; };
		41A4D0781348CB9A00D070BB /* SecondView.xib in Resources */ = {isa = PBXBuildFile; fileRef = 41A4D0761348CB9A00D070BB /* SecondView.xib */; };
/* End PBXBuildFile section */

/* Begin PBXFileReference section */
		41A4D0541348CB9A00D070BB /* ekkk.app */ = {isa = PBXFileReference; explicitFileType = wrapper.application; includeInIndex = 0; path = ekkk.app; sourceTree = BUILT_PRODUCTS_DIR; };
		41A4D0581348CB9A00D070BB /* UIKit.framework */ = {isa = PBXFileReference; lastKnownFileType = wrapper.framework; name = UIKit.framework; path = System/Library/Frameworks/UIKit.framework; sourceTree = SDKROOT; };
		41A4D05A1348CB9A00D070BB /* Foundation.framework */ = {isa = PBXFileReference; lastKnownFileType = wrapper.framework; name = Foundation.framework; path = System/Library/Frameworks/Foundation.framework; sourceTree = SDKROOT; };
		41A4D05C1348CB9A00D070BB /* CoreGraphics.framework */ = {isa = PBXFileReference; lastKnownFileType = wrapper.framework; name = CoreGraphics.framework; path = System/Library/Frameworks/CoreGraphics.framework; sourceTree = SDKROOT; };
		41A4D0601348CB9A00D070BB /* ekkk-Info.plist */ = {isa = PBXFileReference; path = "ekkk-Info.plist"; sourceTree = "<group>"; };
		41A4D0621348CB9A00D070BB /* en */ = {isa = PBXFileReference; lastKnownFileType = text.plist.strings; name = en; path = en.lproj/InfoPlist.strings; sourceTree = "<group>"; };
		41A4D0641348CB9A00D070BB /* ekkk-Prefix.pch */ = {isa = PBXFileReference; path = "ekkk-Prefix.pch"; sourceTree = "<group>"; };
		41A4D0651348CB9A00D070BB /* main.m */ = {isa = PBXFileReference; lastKnownFileType = sourcecode.c.objc; path = main.m; sourceTree = "<group>"; };
		41A4D0671348CB9A00D070BB /* ekkkAppDelegate.h */ = {isa = PBXFileReference; path = ekkkAppDelegate.h; sourceTree = "<group>"; };
		41A4D0681348CB9A00D070BB /* ekkkAppDelegate.m */ = {isa = PBXFileReference; lastKnownFileType = sourcecode.c.objc; path = ekkkAppDelegate.m; sourceTree = "<group>"; };
		41A4D06B1348CB9A00D070BB /* en */ = {isa = PBXFileReference; lastKnownFileType = file.xib; name = en; path = en.lproj/MainWindow.xib; sourceTree = "<group>"; };
		41A4D06D1348CB9A00D070BB /* FirstViewController.h */ = {isa = PBXFileReference; path = FirstViewController.h; sourceTree = "<group>"; };
		41A4D06E1348CB9A00D070BB /* FirstViewController.m */ = {isa = PBXFileReference; lastKnownFileType = sourcecode.c.objc; path = FirstViewController.m; sourceTree = "<group>"; };
		41A4D0701348CB9A00D070BB /* SecondViewController.h */ = {isa = PBXFileReference; path = SecondViewController.h; sourceTree = "<group>"; };
		41A4D0711348CB9A00D070BB /* SecondViewController.m */ = {isa = PBXFileReference; lastKnownFileType = sourcecode.c.objc; path = SecondViewController.m; sourceTree = "<group>"; };
		41A4D0741348CB9A00D070BB /* en */ = {isa = PBXFileReference; lastKnownFileType = file.xib; name = en; path = en.lproj/FirstView.xib; sourceTree = "<group>"; };
		41A4D0771348CB9A00D070BB /* en */ = {isa = PBXFileReference; lastKnownFileType = file.xib; name = en; path = en.lproj/SecondView.xib; sourceTree = "<group>"; };
/* End PBXFileReference section */

/* Begin PBXFrameworksBuildPhase section */
		41A4D0511348CB9A00D070BB /* Frameworks */ = {
			isa = PBXFrameworksBuildPhase;
			buildActionMask = 2147483647;
			files = (
				41A4D0591348CB9A00D070BB /* UIKit.framework in Frameworks */,
				41A4D05B1348CB9A00D070BB /* Foundation.framework in Frameworks */,
				41A4D05D1348CB9A00D070BB /* CoreGraphics.framework in Frameworks */,
			);
			runOnlyForDeploymentPostprocessing = 0;
		};
/* End PBXFrameworksBuildPhase section */

/* Begin PBXGroup section */
		41A4D0491348CB9A00D070BB = {
			isa = PBXGroup;
			children = (
				41A4D05E1348CB9A00D070BB /* ekkk */,
				41A4D0571348CB9A00D070BB /* Frameworks */,
				41A4D0551348CB9A00D070BB /* Products */,
			);
			sourceTree = "<group>";
		};
		41A4D0551348CB9A00D070BB /* Products */ = {
			isa = PBXGroup;
			children = (
				41A4D0541348CB9A00D070BB /* ekkk.app */,
			);
			name = Products;
			sourceTree = "<group>";
		};
		41A4D0571348CB9A00D070BB /* Frameworks */ = {
			isa = PBXGroup;
			children = (
				41A4D0581348CB9A00D070BB /* UIKit.framework */,
				41A4D05A1348CB9A00D070BB /* Foundation.framework */,
				41A4D05C1348CB9A00D070BB /* CoreGraphics.framework */,
			);
			name = Frameworks;
			sourceTree = "<group>";
		};
		41A4D05E1348CB9A00D070BB /* ekkk */ = {
			isa = PBXGroup;
			children = (
				41A4D0671348CB9A00D070BB /* ekkkAppDelegate.h */,
				41A4D0681348CB9A00D070BB /* ekkkAppDelegate.m */,
				41A4D06A1348CB9A00D070BB /* MainWindow.xib */,
				41A4D06D1348CB9A00D070BB /* FirstViewController.h */,
				41A4D06E1348CB9A00D070BB /* FirstViewController.m */,
				41A4D0701348CB9A00D070BB /* SecondViewController.h */,
				41A4D0711348CB9A00D070BB /* SecondViewController.m */,
				41A4D0731348CB9A00D070BB /* FirstView.xib */,
				41A4D0761348CB9A00D070BB /* SecondView.xib */,
				41A4D05F1348CB9A00D070BB /* Supporting Files */,
			);
			path = ekkk;
			sourceTree = "<group>";
		};
		41A4D05F1348CB9A00D070BB /* Supporting Files */ = {
			isa = PBXGroup;
			children = (
				41A4D0601348CB9A00D070BB /* ekkk-Info.plist */,
				41A4D0611348CB9A00D070BB /* InfoPlist.strings */,
				41A4D0641348CB9A00D070BB /* ekkk-Prefix.pch */,
				41A4D0651348CB9A00D070BB /* main.m */,
			);
			name = "Supporting Files";
			sourceTree = "<group>";
		};
/* End PBXGroup section */

/* Begin PBXNativeTarget section */
		41A4D0531348CB9A00D070BB /* ekkk */ = {
			isa = PBXNativeTarget;
			buildConfigurationList = 41A4D07B1348CB9A00D070BB /* Build configuration list for PBXNativeTarget "ekkk" */;
			buildPhases = (
				41A4D0501348CB9A00D070BB /* Sources */,
				41A4D0511348CB9A00D070BB /* Frameworks */,
				41A4D0521348CB9A00D070BB /* Resources */,
			);
			buildRules = (
			);
			dependencies = (
			);
			name = ekkk;
			productName = ekkk;
			productReference = 41A4D0541348CB9A00D070BB /* ekkk.app */;
			productType = "com.apple.product-type.application";
		};
/* End PBXNativeTarget section */

/* Begin PBXProject section */
		41A4D04B1348CB9A00D070BB /* Project object */ = {
			isa = PBXProject;
			buildConfigurationList = 41A4D04E1348CB9A00D070BB /* Build configuration list for PBXProject "ekkk" */;
			compatibilityVersion = "Xcode 3.2";
			developmentRegion = English;
			hasScannedForEncodings = 0;
			knownRegions = (
				en,
			);
			mainGroup = 41A4D0491348CB9A00D070BB;
			productRefGroup = 41A4D0551348CB9A00D070BB /* Products */;
			projectDirPath = "";
			projectRoot = "";
			targets = (
				41A4D0531348CB9A00D070BB /* ekkk */,
			);
		};
/* End PBXProject section */

/* Begin PBXResourcesBuildPhase section */
		41A4D0521348CB9A00D070BB /* Resources */ = {
			isa = PBXResourcesBuildPhase;
			buildActionMask = 2147483647;
			files = (
				41A4D0631348CB9A00D070BB /* InfoPlist.strings in Resources */,
				41A4D06C1348CB9A00D070BB /* MainWindow.xib in Resources */,
				41A4D0751348CB9A00D070BB /* FirstView.xib in Resources */,
				41A4D0781348CB9A00D070BB /* SecondView.xib in Resources */,
			);
			runOnlyForDeploymentPostprocessing = 0;
		};
/* End PBXResourcesBuildPhase section */

/* Begin PBXSourcesBuildPhase section */
		41A4D0501348CB9A00D070BB /* Sources */ = {
			isa = PBXSourcesBuildPhase;
			buildActionMask = 2147483647;
			files = (
				41A4D0661348CB9A00D070BB /* main.m in Sources */,
				41A4D0691348CB9A00D070BB /* ekkkAppDelegate.m in Sources */,
				41A4D06F1348CB9A00D070BB /* FirstViewController.m in Sources */,
				41A4D0721348CB9A00D070BB /* SecondViewController.m in Sources */,
			);
			runOnlyForDeploymentPostprocessing = 0;
		};
/* End PBXSourcesBuildPhase section */

/* Begin PBXVariantGroup section */
		41A4D0611348CB9A00D070BB /* InfoPlist.strings */ = {
			isa = PBXVariantGroup;
			children = (
				41A4D0621348CB9A00D070BB /* en */,
			);
			name = InfoPlist.strings;
			sourceTree = "<group>";
		};
		41A4D06A1348CB9A00D070BB /* MainWindow.xib */ = {
			isa = PBXVariantGroup;
			children = (
				41A4D06B1348CB9A00D070BB /* en */,
			);
			name = MainWindow.xib;
			sourceTree = "<group>";
		};
		41A4D0731348CB9A00D070BB /* FirstView.xib */ = {
			isa = PBXVariantGroup;
			children = (
				41A4D0741348CB9A00D070BB /* en */,
			);
			name = FirstView.xib;
			sourceTree = "<group>";
		};
		41A4D0761348CB9A00D070BB /* SecondView.xib */ = {
			isa = PBXVariantGroup;
			children = (
				41A4D0771348CB9A00D070BB /* en */,
			);
			name = SecondView.xib;
			sourceTree = "<group>";
		};
/* End PBXVariantGroup section */

/* Begin XCBuildConfiguration section */
		41A4D0791348CB9A00D070BB /* Debug */ = {
			isa = XCBuildConfiguration;
			buildSettings = {
				ARCHS = "$(ARCHS_STANDARD_32_BIT)";
				"CODE_SIGN_IDENTITY[sdk=iphoneos*]" = "iPhone Developer";
				GCC_C_LANGUAGE_STANDARD = gnu99;
				GCC_OPTIMIZATION_LEVEL = 0;
				GCC_PREPROCESSOR_DEFINITIONS = DEBUG;
				GCC_SYMBOLS_PRIVATE_EXTERN = NO;
				GCC_VERSION = com.apple.compilers.llvmgcc42;
				GCC_WARN_ABOUT_RETURN_TYPE = YES;
				GCC_WARN_UNUSED_VARIABLE = YES;
				IPHONEOS_DEPLOYMENT_TARGET = 4.3;
				SDKROOT = iphoneos;
			};
			name = Debug;
		};
		41A4D07A1348CB9A00D070BB /* Release */ = {
			isa = XCBuildConfiguration;
			buildSettings = {
				ARCHS = "$(ARCHS_STANDARD_32_BIT)";
				"CODE_SIGN_IDENTITY[sdk=iphoneos*]" = "iPhone Developer";
				GCC_C_LANGUAGE_STANDARD = gnu99;
				GCC_VERSION = com.apple.compilers.llvmgcc42;
				GCC_WARN_ABOUT_RETURN_TYPE = YES;
				GCC_WARN_UNUSED_VARIABLE = YES;
				IPHONEOS_DEPLOYMENT_TARGET = 4.3;
				OTHER_CFLAGS = "-DNS_BLOCK_ASSERTIONS=1";
				SDKROOT = iphoneos;
			};
			name = Release;
		};
		41A4D07C1348CB9A00D070BB /* Debug */ = {
			isa = XCBuildConfiguration;
			buildSettings = {
				ALWAYS_SEARCH_USER_PATHS = NO;
				COPY_PHASE_STRIP = NO;
				GCC_DYNAMIC_NO_PIC = NO;
				GCC_PRECOMPILE_PREFIX_HEADER = YES;
				GCC_PREFIX_HEADER = "ekkk/ekkk-Prefix.pch";
				INFOPLIST_FILE = "ekkk/ekkk-Info.plist";
				PRODUCT_NAME = "$(TARGET_NAME)";
				WRAPPER_EXTENSION = app;
			};
			name = Debug;
		};
		41A4D07D1348CB9A00D070BB /* Release */ = {
			isa = XCBuildConfiguration;
			buildSettings = {
				ALWAYS_SEARCH_USER_PATHS = NO;
				COPY_PHASE_STRIP = YES;
				GCC_PRECOMPILE_PREFIX_HEADER = YES;
				GCC_PREFIX_HEADER = "ekkk/ekkk-Prefix.pch";
				INFOPLIST_FILE = "ekkk/ekkk-Info.plist";
				PRODUCT_NAME = "$(TARGET_NAME)";
				VALIDATE_PRODUCT = YES;
				WRAPPER_EXTENSION = app;
			};
			name = Release;
		};
/* End XCBuildConfiguration section */

/* Begin XCConfigurationList section */
		41A4D04E1348CB9A00D070BB /* Build configuration list for PBXProject "ekkk" */ = {
			isa = XCConfigurationList;
			buildConfigurations = (
				41A4D0791348CB9A00D070BB /* Debug */,
				41A4D07A1348CB9A00D070BB /* Release */,
			);
			defaultConfigurationIsVisible = 0;
			defaultConfigurationName = Release;
		};
		41A4D07B1348CB9A00D070BB /* Build configuration list for PBXNativeTarget "ekkk" */ = {
			isa = XCConfigurationList;
			buildConfigurations = (
				41A4D07C1348CB9A00D070BB /* Debug */,
				41A4D07D1348CB9A00D070BB /* Release */,
			);
			defaultConfigurationIsVisible = 0;
		};
/* End XCConfigurationList section */
	};
	rootObject = 41A4D04B1348CB9A00D070BB /* Project object */;
}
